
Microsoft Visual Studio Solution File, Format Version 12.00
# Visual Studio Version 16
VisualStudioVersion = 16.0.30804.86
MinimumVisualStudioVersion = 10.0.40219.1
Project("{9A19103F-16F7-4668-BE54-9A1E7A4F7556}") = "A1904", "A1904\A1904.csproj", "{42E46E44-4C40-43F9-84C8-6091CCECCDAE}"
EndProject
Project("{9A19103F-16F7-4668-BE54-9A1E7A4F7556}") = "A9184", "A9184\A9184.csproj", "{932CAD5E-16EC-49CF-A144-C7D66135E970}"
EndProject
Project("{9A19103F-16F7-4668-BE54-9A1E7A4F7556}") = "A2751", "A2751\A2751.csproj", "{ED700037-7F67-4AAB-97C7-86D1FEB9F080}"
EndProject
Project("{9A19103F-16F7-4668-BE54-9A1E7A4F7556}") = "A10989", "A10989\A10989.csproj", "{CDF2C6A8-5F08-4374-B2E3-9891C603DB4A}"
EndProject
Project("{9A19103F-16F7-4668-BE54-9A1E7A4F7556}") = "A2108", "A2108\A2108.csproj", "{49F18B3B-D26D-4E66-9186-DE0261EFEC22}"
EndProject
Project("{FAE04EC0-301F-11D3-BF4B-00C04F79EFBC}") = "A1427", "A1427\A1427.csproj", "{B03CF499-5F21-4D67-8CDA-49407ADCFEA8}"
EndProject
Project("{FAE04EC0-301F-11D3-BF4B-00C04F79EFBC}") = "A11650", "A11650\A11650.csproj", "{53BEF6DF-C90C-4BB6-AF04-D0272EC386FB}"
EndProject
Project("{FAE04EC0-301F-11D3-BF4B-00C04F79EFBC}") = "A11651", "A11651\A11651.csproj", "{0B2EEEDD-2F68-45BB-A499-313CA7F90AED}"
EndProject
Project("{FAE04EC0-301F-11D3-BF4B-00C04F79EFBC}") = "SA0001", "SA0001\SA0001.csproj", "{7BE506A1-865D-49E0-971D-0F902B3B3AD3}"
EndProject
Global
	GlobalSection(SolutionConfigurationPlatforms) = preSolution
		Debug|Any CPU = Debug|Any CPU
		Release|Any CPU = Release|Any CPU
	EndGlobalSection
	GlobalSection(ProjectConfigurationPlatforms) = postSolution
		{42E46E44-4C40-43F9-84C8-6091CCECCDAE}.Debug|Any CPU.ActiveCfg = Debug|Any CPU
		{42E46E44-4C40-43F9-84C8-6091CCECCDAE}.Debug|Any CPU.Build.0 = Debug|Any CPU
		{42E46E44-4C40-43F9-84C8-6091CCECCDAE}.Release|Any CPU.ActiveCfg = Release|Any CPU
		{42E46E44-4C40-43F9-84C8-6091CCECCDAE}.Release|Any CPU.Build.0 = Release|Any CPU
		{932CAD5E-16EC-49CF-A144-C7D66135E970}.Debug|Any CPU.ActiveCfg = Debug|Any CPU
		{932CAD5E-16EC-49CF-A144-C7D66135E970}.Debug|Any CPU.Build.0 = Debug|Any CPU
		{932CAD5E-16EC-49CF-A144-C7D66135E970}.Release|Any CPU.ActiveCfg = Release|Any CPU
		{932CAD5E-16EC-49CF-A144-C7D66135E970}.Release|Any CPU.Build.0 = Release|Any CPU
		{ED700037-7F67-4AAB-97C7-86D1FEB9F080}.Debug|Any CPU.ActiveCfg = Debug|Any CPU
		{ED700037-7F67-4AAB-97C7-86D1FEB9F080}.Debug|Any CPU.Build.0 = Debug|Any CPU
		{ED700037-7F67-4AAB-97C7-86D1FEB9F080}.Release|Any CPU.ActiveCfg = Release|Any CPU
		{ED700037-7F67-4AAB-97C7-86D1FEB9F080}.Release|Any CPU.Build.0 = Release|Any CPU
		{CDF2C6A8-5F08-4374-B2E3-9891C603DB4A}.Debug|Any CPU.ActiveCfg = Debug|Any CPU
		{CDF2C6A8-5F08-4374-B2E3-9891C603DB4A}.Debug|Any CPU.Build.0 = Debug|Any CPU
		{CDF2C6A8-5F08-4374-B2E3-9891C603DB4A}.Release|Any CPU.ActiveCfg = Release|Any CPU
		{CDF2C6A8-5F08-4374-B2E3-9891C603DB4A}.Release|Any CPU.Build.0 = Release|Any CPU
		{49F18B3B-D26D-4E66-9186-DE0261EFEC22}.Debug|Any CPU.ActiveCfg = Debug|Any CPU
		{49F18B3B-D26D-4E66-9186-DE0261EFEC22}.Debug|Any CPU.Build.0 = Debug|Any CPU
		{49F18B3B-D26D-4E66-9186-DE0261EFEC22}.Release|Any CPU.ActiveCfg = Release|Any CPU
		{49F18B3B-D26D-4E66-9186-DE0261EFEC22}.Release|Any CPU.Build.0 = Release|Any CPU
		{B03CF499-5F21-4D67-8CDA-49407ADCFEA8}.Debug|Any CPU.ActiveCfg = Debug|Any CPU
		{B03CF499-5F21-4D67-8CDA-49407ADCFEA8}.Debug|Any CPU.Build.0 = Debug|Any CPU
		{B03CF499-5F21-4D67-8CDA-49407ADCFEA8}.Release|Any CPU.ActiveCfg = Release|Any CPU
		{B03CF499-5F21-4D67-8CDA-49407ADCFEA8}.Release|Any CPU.Build.0 = Release|Any CPU
		{53BEF6DF-C90C-4BB6-AF04-D0272EC386FB}.Debug|Any CPU.ActiveCfg = Debug|Any CPU
		{53BEF6DF-C90C-4BB6-AF04-D0272EC386FB}.Debug|Any CPU.Build.0 = Debug|Any CPU
		{53BEF6DF-C90C-4BB6-AF04-D0272EC386FB}.Release|Any CPU.ActiveCfg = Release|Any CPU
		{53BEF6DF-C90C-4BB6-AF04-D0272EC386FB}.Release|Any CPU.Build.0 = Release|Any CPU
		{0B2EEEDD-2F68-45BB-A499-313CA7F90AED}.Debug|Any CPU.ActiveCfg = Debug|Any CPU
		{0B2EEEDD-2F68-45BB-A499-313CA7F90AED}.Debug|Any CPU.Build.0 = Debug|Any CPU
		{0B2EEEDD-2F68-45BB-A499-313CA7F90AED}.Release|Any CPU.ActiveCfg = Release|Any CPU
		{0B2EEEDD-2F68-45BB-A499-313CA7F90AED}.Release|Any CPU.Build.0 = Release|Any CPU
		{7BE506A1-865D-49E0-971D-0F902B3B3AD3}.Debug|Any CPU.ActiveCfg = Debug|Any CPU
		{7BE506A1-865D-49E0-971D-0F902B3B3AD3}.Debug|Any CPU.Build.0 = Debug|Any CPU
		{7BE506A1-865D-49E0-971D-0F902B3B3AD3}.Release|Any CPU.ActiveCfg = Release|Any CPU
		{7BE506A1-865D-49E0-971D-0F902B3B3AD3}.Release|Any CPU.Build.0 = Release|Any CPU
	EndGlobalSection
	GlobalSection(SolutionProperties) = preSolution
		HideSolutionNode = FALSE
	EndGlobalSection
	GlobalSection(ExtensibilityGlobals) = postSolution
		SolutionGuid = {EAA3C903-0C70-49B7-8A71-C904223C0C32}
	EndGlobalSection
EndGlobal
